// !$*UTF8*$!
{
	archiveVersion = 1;
	classes = {
	};
	objectVersion = 56;
	objects = {

/* Begin PBXBuildFile section */
		9C3C564490888FF0810B5A5F /* Pods_scorecounter_scorecounterUITests.framework in Frameworks */ = {isa = PBXBuildFile; fileRef = 02A218C04039FC6651B013EE /* Pods_scorecounter_scorecounterUITests.framework */; };
		C5560E96CAB229EC8DC88A18 /* Pods_scorecounterTests.framework in Frameworks */ = {isa = PBXBuildFile; fileRef = F1D8CEFF2EEA61D476A32391 /* Pods_scorecounterTests.framework */; };
		C9BA04D6E3E077D74544F34D /* Pods_scorecounter.framework in Frameworks */ = {isa = PBXBuildFile; fileRef = 1C3AC9EAEA5F9A6AB08D416C /* Pods_scorecounter.framework */; };
		F17B52142920167200480FEE /* Assets.xcassets in Resources */ = {isa = PBXBuildFile; fileRef = F17B52102920167200480FEE /* Assets.xcassets */; };
		F17B52262920179800480FEE /* FirestoreDataManager.swift in Sources */ = {isa = PBXBuildFile; fileRef = F17B52242920179800480FEE /* FirestoreDataManager.swift */; };
		F17B52272920179800480FEE /* DataManager.swift in Sources */ = {isa = PBXBuildFile; fileRef = F17B52252920179800480FEE /* DataManager.swift */; };
		F17B522D292017A600480FEE /* ScoreView.swift in Sources */ = {isa = PBXBuildFile; fileRef = F17B5228292017A400480FEE /* ScoreView.swift */; };
		F17B522E292017A600480FEE /* GameView.swift in Sources */ = {isa = PBXBuildFile; fileRef = F17B5229292017A500480FEE /* GameView.swift */; };
		F17B522F292017A600480FEE /* ScoreBoardView.swift in Sources */ = {isa = PBXBuildFile; fileRef = F17B522B292017A600480FEE /* ScoreBoardView.swift */; };
		F17B5230292017A600480FEE /* MainTabView.swift in Sources */ = {isa = PBXBuildFile; fileRef = F17B522C292017A600480FEE /* MainTabView.swift */; };
		F17B5234292017B400480FEE /* Team.swift in Sources */ = {isa = PBXBuildFile; fileRef = F17B5231292017B300480FEE /* Team.swift */; };
		F17B5235292017B400480FEE /* Game.swift in Sources */ = {isa = PBXBuildFile; fileRef = F17B5232292017B300480FEE /* Game.swift */; };
		F17B5236292017B400480FEE /* Player.swift in Sources */ = {isa = PBXBuildFile; fileRef = F17B5233292017B400480FEE /* Player.swift */; };
		F17B523829209E0C00480FEE /* SettingsView.swift in Sources */ = {isa = PBXBuildFile; fileRef = F17B523729209E0C00480FEE /* SettingsView.swift */; };
		F17B523A2920A93C00480FEE /* GameHistory.swift in Sources */ = {isa = PBXBuildFile; fileRef = F17B52392920A93C00480FEE /* GameHistory.swift */; };
		F17B523C2920C31E00480FEE /* TeamView.swift in Sources */ = {isa = PBXBuildFile; fileRef = F17B523B2920C31E00480FEE /* TeamView.swift */; };
		F18D5FB5291EF17D00899D84 /* scorecounterApp.swift in Sources */ = {isa = PBXBuildFile; fileRef = F18D5FB4291EF17D00899D84 /* scorecounterApp.swift */; };
		F18D5FBC291EF17E00899D84 /* Preview Assets.xcassets in Resources */ = {isa = PBXBuildFile; fileRef = F18D5FBB291EF17E00899D84 /* Preview Assets.xcassets */; };
		F18D5FC6291EF17E00899D84 /* scorecounterTests.swift in Sources */ = {isa = PBXBuildFile; fileRef = F18D5FC5291EF17E00899D84 /* scorecounterTests.swift */; };
		F18D5FD0291EF17E00899D84 /* scorecounterUITests.swift in Sources */ = {isa = PBXBuildFile; fileRef = F18D5FCF291EF17E00899D84 /* scorecounterUITests.swift */; };
		F18D5FD2291EF17E00899D84 /* scorecounterUITestsLaunchTests.swift in Sources */ = {isa = PBXBuildFile; fileRef = F18D5FD1291EF17E00899D84 /* scorecounterUITestsLaunchTests.swift */; };
		F18D5FDF291EF54D00899D84 /* GoogleService-Info.plist in Resources */ = {isa = PBXBuildFile; fileRef = F18D5FDE291EF54D00899D84 /* GoogleService-Info.plist */; };
		F18D5FE1291EF59200899D84 /* AppDelegate.swift in Sources */ = {isa = PBXBuildFile; fileRef = F18D5FE0291EF59200899D84 /* AppDelegate.swift */; };
/* End PBXBuildFile section */

/* Begin PBXContainerItemProxy section */
		F18D5FC2291EF17E00899D84 /* PBXContainerItemProxy */ = {
			isa = PBXContainerItemProxy;
			containerPortal = F18D5FA9291EF17D00899D84 /* Project object */;
			proxyType = 1;
			remoteGlobalIDString = F18D5FB0291EF17D00899D84;
			remoteInfo = scorecounter;
		};
		F18D5FCC291EF17E00899D84 /* PBXContainerItemProxy */ = {
			isa = PBXContainerItemProxy;
			containerPortal = F18D5FA9291EF17D00899D84 /* Project object */;
			proxyType = 1;
			remoteGlobalIDString = F18D5FB0291EF17D00899D84;
			remoteInfo = scorecounter;
		};
/* End PBXContainerItemProxy section */

/* Begin PBXFileReference section */
		02A218C04039FC6651B013EE /* Pods_scorecounter_scorecounterUITests.framework */ = {isa = PBXFileReference; explicitFileType = wrapper.framework; includeInIndex = 0; path = Pods_scorecounter_scorecounterUITests.framework; sourceTree = BUILT_PRODUCTS_DIR; };
		1C3AC9EAEA5F9A6AB08D416C /* Pods_scorecounter.framework */ = {isa = PBXFileReference; explicitFileType = wrapper.framework; includeInIndex = 0; path = Pods_scorecounter.framework; sourceTree = BUILT_PRODUCTS_DIR; };
		375445545950E728568E2E32 /* Pods-scorecounter-scorecounterUITests.debug.xcconfig */ = {isa = PBXFileReference; includeInIndex = 1; lastKnownFileType = text.xcconfig; name = "Pods-scorecounter-scorecounterUITests.debug.xcconfig"; path = "Target Support Files/Pods-scorecounter-scorecounterUITests/Pods-scorecounter-scorecounterUITests.debug.xcconfig"; sourceTree = "<group>"; };
		56532C89AE75D14FCF0C55E6 /* Pods-scorecounter.release.xcconfig */ = {isa = PBXFileReference; includeInIndex = 1; lastKnownFileType = text.xcconfig; name = "Pods-scorecounter.release.xcconfig"; path = "Target Support Files/Pods-scorecounter/Pods-scorecounter.release.xcconfig"; sourceTree = "<group>"; };
		666FC57A13568221DF4501D4 /* Pods-scorecounter.debug.xcconfig */ = {isa = PBXFileReference; includeInIndex = 1; lastKnownFileType = text.xcconfig; name = "Pods-scorecounter.debug.xcconfig"; path = "Target Support Files/Pods-scorecounter/Pods-scorecounter.debug.xcconfig"; sourceTree = "<group>"; };
		8C983DF59145C7E737AED7D0 /* Pods-scorecounterTests.debug.xcconfig */ = {isa = PBXFileReference; includeInIndex = 1; lastKnownFileType = text.xcconfig; name = "Pods-scorecounterTests.debug.xcconfig"; path = "Target Support Files/Pods-scorecounterTests/Pods-scorecounterTests.debug.xcconfig"; sourceTree = "<group>"; };
		95AA886EC8DA35CC81C07621 /* Pods-scorecounter-scorecounterUITests.release.xcconfig */ = {isa = PBXFileReference; includeInIndex = 1; lastKnownFileType = text.xcconfig; name = "Pods-scorecounter-scorecounterUITests.release.xcconfig"; path = "Target Support Files/Pods-scorecounter-scorecounterUITests/Pods-scorecounter-scorecounterUITests.release.xcconfig"; sourceTree = "<group>"; };
		AB93F6BB72C69CF402DA07D2 /* Pods-scorecounterTests.release.xcconfig */ = {isa = PBXFileReference; includeInIndex = 1; lastKnownFileType = text.xcconfig; name = "Pods-scorecounterTests.release.xcconfig"; path = "Target Support Files/Pods-scorecounterTests/Pods-scorecounterTests.release.xcconfig"; sourceTree = "<group>"; };
		F17B52102920167200480FEE /* Assets.xcassets */ = {isa = PBXFileReference; lastKnownFileType = folder.assetcatalog; path = Assets.xcassets; sourceTree = "<group>"; };
		F17B52242920179800480FEE /* FirestoreDataManager.swift */ = {isa = PBXFileReference; fileEncoding = 4; lastKnownFileType = sourcecode.swift; path = FirestoreDataManager.swift; sourceTree = "<group>"; };
		F17B52252920179800480FEE /* DataManager.swift */ = {isa = PBXFileReference; fileEncoding = 4; lastKnownFileType = sourcecode.swift; path = DataManager.swift; sourceTree = "<group>"; };
		F17B5228292017A400480FEE /* ScoreView.swift */ = {isa = PBXFileReference; fileEncoding = 4; lastKnownFileType = sourcecode.swift; path = ScoreView.swift; sourceTree = "<group>"; };
		F17B5229292017A500480FEE /* GameView.swift */ = {isa = PBXFileReference; fileEncoding = 4; lastKnownFileType = sourcecode.swift; path = GameView.swift; sourceTree = "<group>"; };
		F17B522B292017A600480FEE /* ScoreBoardView.swift */ = {isa = PBXFileReference; fileEncoding = 4; lastKnownFileType = sourcecode.swift; path = ScoreBoardView.swift; sourceTree = "<group>"; };
		F17B522C292017A600480FEE /* MainTabView.swift */ = {isa = PBXFileReference; fileEncoding = 4; lastKnownFileType = sourcecode.swift; path = MainTabView.swift; sourceTree = "<group>"; };
		F17B5231292017B300480FEE /* Team.swift */ = {isa = PBXFileReference; fileEncoding = 4; lastKnownFileType = sourcecode.swift; path = Team.swift; sourceTree = "<group>"; };
		F17B5232292017B300480FEE /* Game.swift */ = {isa = PBXFileReference; fileEncoding = 4; lastKnownFileType = sourcecode.swift; path = Game.swift; sourceTree = "<group>"; };
		F17B5233292017B400480FEE /* Player.swift */ = {isa = PBXFileReference; fileEncoding = 4; lastKnownFileType = sourcecode.swift; path = Player.swift; sourceTree = "<group>"; };
		F17B523729209E0C00480FEE /* SettingsView.swift */ = {isa = PBXFileReference; lastKnownFileType = sourcecode.swift; path = SettingsView.swift; sourceTree = "<group>"; };
		F17B52392920A93C00480FEE /* GameHistory.swift */ = {isa = PBXFileReference; lastKnownFileType = sourcecode.swift; path = GameHistory.swift; sourceTree = "<group>"; };
		F17B523B2920C31E00480FEE /* TeamView.swift */ = {isa = PBXFileReference; lastKnownFileType = sourcecode.swift; path = TeamView.swift; sourceTree = "<group>"; };
		F18D5FB1291EF17D00899D84 /* scorecounter.app */ = {isa = PBXFileReference; explicitFileType = wrapper.application; includeInIndex = 0; path = scorecounter.app; sourceTree = BUILT_PRODUCTS_DIR; };
		F18D5FB4291EF17D00899D84 /* scorecounterApp.swift */ = {isa = PBXFileReference; lastKnownFileType = sourcecode.swift; path = scorecounterApp.swift; sourceTree = "<group>"; };
		F18D5FBB291EF17E00899D84 /* Preview Assets.xcassets */ = {isa = PBXFileReference; lastKnownFileType = folder.assetcatalog; path = "Preview Assets.xcassets"; sourceTree = "<group>"; };
		F18D5FC1291EF17E00899D84 /* scorecounterTests.xctest */ = {isa = PBXFileReference; explicitFileType = wrapper.cfbundle; includeInIndex = 0; path = scorecounterTests.xctest; sourceTree = BUILT_PRODUCTS_DIR; };
		F18D5FC5291EF17E00899D84 /* scorecounterTests.swift */ = {isa = PBXFileReference; lastKnownFileType = sourcecode.swift; path = scorecounterTests.swift; sourceTree = "<group>"; };
		F18D5FCB291EF17E00899D84 /* scorecounterUITests.xctest */ = {isa = PBXFileReference; explicitFileType = wrapper.cfbundle; includeInIndex = 0; path = scorecounterUITests.xctest; sourceTree = BUILT_PRODUCTS_DIR; };
		F18D5FCF291EF17E00899D84 /* scorecounterUITests.swift */ = {isa = PBXFileReference; lastKnownFileType = sourcecode.swift; path = scorecounterUITests.swift; sourceTree = "<group>"; };
		F18D5FD1291EF17E00899D84 /* scorecounterUITestsLaunchTests.swift */ = {isa = PBXFileReference; lastKnownFileType = sourcecode.swift; path = scorecounterUITestsLaunchTests.swift; sourceTree = "<group>"; };
		F18D5FDE291EF54D00899D84 /* GoogleService-Info.plist */ = {isa = PBXFileReference; fileEncoding = 4; lastKnownFileType = text.plist.xml; path = "GoogleService-Info.plist"; sourceTree = "<group>"; };
		F18D5FE0291EF59200899D84 /* AppDelegate.swift */ = {isa = PBXFileReference; lastKnownFileType = sourcecode.swift; path = AppDelegate.swift; sourceTree = "<group>"; };
		F1D8CEFF2EEA61D476A32391 /* Pods_scorecounterTests.framework */ = {isa = PBXFileReference; explicitFileType = wrapper.framework; includeInIndex = 0; path = Pods_scorecounterTests.framework; sourceTree = BUILT_PRODUCTS_DIR; };
/* End PBXFileReference section */

/* Begin PBXFrameworksBuildPhase section */
		F18D5FAE291EF17D00899D84 /* Frameworks */ = {
			isa = PBXFrameworksBuildPhase;
			buildActionMask = 2147483647;
			files = (
				C9BA04D6E3E077D74544F34D /* Pods_scorecounter.framework in Frameworks */,
			);
			runOnlyForDeploymentPostprocessing = 0;
		};
		F18D5FBE291EF17E00899D84 /* Frameworks */ = {
			isa = PBXFrameworksBuildPhase;
			buildActionMask = 2147483647;
			files = (
				C5560E96CAB229EC8DC88A18 /* Pods_scorecounterTests.framework in Frameworks */,
			);
			runOnlyForDeploymentPostprocessing = 0;
		};
		F18D5FC8291EF17E00899D84 /* Frameworks */ = {
			isa = PBXFrameworksBuildPhase;
			buildActionMask = 2147483647;
			files = (
				9C3C564490888FF0810B5A5F /* Pods_scorecounter_scorecounterUITests.framework in Frameworks */,
			);
			runOnlyForDeploymentPostprocessing = 0;
		};
/* End PBXFrameworksBuildPhase section */

/* Begin PBXGroup section */
		43A5E036933397977D1EBFCC /* Frameworks */ = {
			isa = PBXGroup;
			children = (
				1C3AC9EAEA5F9A6AB08D416C /* Pods_scorecounter.framework */,
				02A218C04039FC6651B013EE /* Pods_scorecounter_scorecounterUITests.framework */,
				F1D8CEFF2EEA61D476A32391 /* Pods_scorecounterTests.framework */,
			);
			name = Frameworks;
			sourceTree = "<group>";
		};
		7A6DAB31D29A0839D464107B /* Pods */ = {
			isa = PBXGroup;
			children = (
				666FC57A13568221DF4501D4 /* Pods-scorecounter.debug.xcconfig */,
				56532C89AE75D14FCF0C55E6 /* Pods-scorecounter.release.xcconfig */,
				375445545950E728568E2E32 /* Pods-scorecounter-scorecounterUITests.debug.xcconfig */,
				95AA886EC8DA35CC81C07621 /* Pods-scorecounter-scorecounterUITests.release.xcconfig */,
				8C983DF59145C7E737AED7D0 /* Pods-scorecounterTests.debug.xcconfig */,
				AB93F6BB72C69CF402DA07D2 /* Pods-scorecounterTests.release.xcconfig */,
			);
			path = Pods;
			sourceTree = "<group>";
		};
		F17B52212920177000480FEE /* Model */ = {
			isa = PBXGroup;
			children = (
				F17B5232292017B300480FEE /* Game.swift */,
				F17B5233292017B400480FEE /* Player.swift */,
				F17B5231292017B300480FEE /* Team.swift */,
				F17B52392920A93C00480FEE /* GameHistory.swift */,
			);
			path = Model;
			sourceTree = "<group>";
		};
		F17B52222920177800480FEE /* View */ = {
			isa = PBXGroup;
			children = (
				F17B522A292017A600480FEE /* Subview */,
				F17B5229292017A500480FEE /* GameView.swift */,
				F17B5228292017A400480FEE /* ScoreView.swift */,
				F17B522C292017A600480FEE /* MainTabView.swift */,
				F17B523729209E0C00480FEE /* SettingsView.swift */,
			);
			path = View;
			sourceTree = "<group>";
		};
		F17B52232920178300480FEE /* DataManager */ = {
			isa = PBXGroup;
			children = (
				F17B52252920179800480FEE /* DataManager.swift */,
				F17B52242920179800480FEE /* FirestoreDataManager.swift */,
			);
			path = DataManager;
			sourceTree = "<group>";
		};
		F17B522A292017A600480FEE /* Subview */ = {
			isa = PBXGroup;
			children = (
				F17B522B292017A600480FEE /* ScoreBoardView.swift */,
				F17B523B2920C31E00480FEE /* TeamView.swift */,
			);
			path = Subview;
			sourceTree = "<group>";
		};
		F18D5FA8291EF17D00899D84 = {
			isa = PBXGroup;
			children = (
				F18D5FB3291EF17D00899D84 /* scorecounter */,
				F18D5FC4291EF17E00899D84 /* scorecounterTests */,
				F18D5FCE291EF17E00899D84 /* scorecounterUITests */,
				F18D5FB2291EF17D00899D84 /* Products */,
				7A6DAB31D29A0839D464107B /* Pods */,
				43A5E036933397977D1EBFCC /* Frameworks */,
			);
			sourceTree = "<group>";
		};
		F18D5FB2291EF17D00899D84 /* Products */ = {
			isa = PBXGroup;
			children = (
				F18D5FB1291EF17D00899D84 /* scorecounter.app */,
				F18D5FC1291EF17E00899D84 /* scorecounterTests.xctest */,
				F18D5FCB291EF17E00899D84 /* scorecounterUITests.xctest */,
			);
			name = Products;
			sourceTree = "<group>";
		};
		F18D5FB3291EF17D00899D84 /* scorecounter */ = {
			isa = PBXGroup;
			children = (
				F17B52232920178300480FEE /* DataManager */,
				F17B52222920177800480FEE /* View */,
				F17B52212920177000480FEE /* Model */,
				F17B52102920167200480FEE /* Assets.xcassets */,
				F18D5FE0291EF59200899D84 /* AppDelegate.swift */,
				F18D5FB4291EF17D00899D84 /* scorecounterApp.swift */,
				F18D5FDE291EF54D00899D84 /* GoogleService-Info.plist */,
				F18D5FBA291EF17E00899D84 /* Preview Content */,
			);
			path = scorecounter;
			sourceTree = "<group>";
		};
		F18D5FBA291EF17E00899D84 /* Preview Content */ = {
			isa = PBXGroup;
			children = (
				F18D5FBB291EF17E00899D84 /* Preview Assets.xcassets */,
			);
			path = "Preview Content";
			sourceTree = "<group>";
		};
		F18D5FC4291EF17E00899D84 /* scorecounterTests */ = {
			isa = PBXGroup;
			children = (
				F18D5FC5291EF17E00899D84 /* scorecounterTests.swift */,
			);
			path = scorecounterTests;
			sourceTree = "<group>";
		};
		F18D5FCE291EF17E00899D84 /* scorecounterUITests */ = {
			isa = PBXGroup;
			children = (
				F18D5FCF291EF17E00899D84 /* scorecounterUITests.swift */,
				F18D5FD1291EF17E00899D84 /* scorecounterUITestsLaunchTests.swift */,
			);
			path = scorecounterUITests;
			sourceTree = "<group>";
		};
/* End PBXGroup section */

/* Begin PBXNativeTarget section */
		F18D5FB0291EF17D00899D84 /* scorecounter */ = {
			isa = PBXNativeTarget;
			buildConfigurationList = F18D5FD5291EF17E00899D84 /* Build configuration list for PBXNativeTarget "scorecounter" */;
			buildPhases = (
				E1473335A150D51A856FF492 /* [CP] Check Pods Manifest.lock */,
				F18D5FAD291EF17D00899D84 /* Sources */,
				F18D5FAE291EF17D00899D84 /* Frameworks */,
				F18D5FAF291EF17D00899D84 /* Resources */,
				4F38E43531A1B0F6A4E42F1B /* [CP] Embed Pods Frameworks */,
			);
			buildRules = (
			);
			dependencies = (
			);
			name = scorecounter;
			productName = scorecounter;
			productReference = F18D5FB1291EF17D00899D84 /* scorecounter.app */;
			productType = "com.apple.product-type.application";
		};
		F18D5FC0291EF17E00899D84 /* scorecounterTests */ = {
			isa = PBXNativeTarget;
			buildConfigurationList = F18D5FD8291EF17E00899D84 /* Build configuration list for PBXNativeTarget "scorecounterTests" */;
			buildPhases = (
				BE5E84274EC68A8FB4E886E6 /* [CP] Check Pods Manifest.lock */,
				F18D5FBD291EF17E00899D84 /* Sources */,
				F18D5FBE291EF17E00899D84 /* Frameworks */,
				F18D5FBF291EF17E00899D84 /* Resources */,
			);
			buildRules = (
			);
			dependencies = (
				F18D5FC3291EF17E00899D84 /* PBXTargetDependency */,
			);
			name = scorecounterTests;
			productName = scorecounterTests;
			productReference = F18D5FC1291EF17E00899D84 /* scorecounterTests.xctest */;
			productType = "com.apple.product-type.bundle.unit-test";
		};
		F18D5FCA291EF17E00899D84 /* scorecounterUITests */ = {
			isa = PBXNativeTarget;
			buildConfigurationList = F18D5FDB291EF17E00899D84 /* Build configuration list for PBXNativeTarget "scorecounterUITests" */;
			buildPhases = (
				85E47FDCE28357CBE831E446 /* [CP] Check Pods Manifest.lock */,
				F18D5FC7291EF17E00899D84 /* Sources */,
				F18D5FC8291EF17E00899D84 /* Frameworks */,
				F18D5FC9291EF17E00899D84 /* Resources */,
				7D415746C0625E0CF75CCAD5 /* [CP] Embed Pods Frameworks */,
			);
			buildRules = (
			);
			dependencies = (
				F18D5FCD291EF17E00899D84 /* PBXTargetDependency */,
			);
			name = scorecounterUITests;
			productName = scorecounterUITests;
			productReference = F18D5FCB291EF17E00899D84 /* scorecounterUITests.xctest */;
			productType = "com.apple.product-type.bundle.ui-testing";
		};
/* End PBXNativeTarget section */

/* Begin PBXProject section */
		F18D5FA9291EF17D00899D84 /* Project object */ = {
			isa = PBXProject;
			attributes = {
				BuildIndependentTargetsInParallel = 1;
				LastSwiftUpdateCheck = 1410;
				LastUpgradeCheck = 1410;
				TargetAttributes = {
					F18D5FB0291EF17D00899D84 = {
						CreatedOnToolsVersion = 14.1;
					};
					F18D5FC0291EF17E00899D84 = {
						CreatedOnToolsVersion = 14.1;
						TestTargetID = F18D5FB0291EF17D00899D84;
					};
					F18D5FCA291EF17E00899D84 = {
						CreatedOnToolsVersion = 14.1;
						TestTargetID = F18D5FB0291EF17D00899D84;
					};
				};
			};
			buildConfigurationList = F18D5FAC291EF17D00899D84 /* Build configuration list for PBXProject "scorecounter" */;
			compatibilityVersion = "Xcode 14.0";
			developmentRegion = en;
			hasScannedForEncodings = 0;
			knownRegions = (
				en,
				Base,
			);
			mainGroup = F18D5FA8291EF17D00899D84;
			productRefGroup = F18D5FB2291EF17D00899D84 /* Products */;
			projectDirPath = "";
			projectRoot = "";
			targets = (
				F18D5FB0291EF17D00899D84 /* scorecounter */,
				F18D5FC0291EF17E00899D84 /* scorecounterTests */,
				F18D5FCA291EF17E00899D84 /* scorecounterUITests */,
			);
		};
/* End PBXProject section */

/* Begin PBXResourcesBuildPhase section */
		F18D5FAF291EF17D00899D84 /* Resources */ = {
			isa = PBXResourcesBuildPhase;
			buildActionMask = 2147483647;
			files = (
				F18D5FBC291EF17E00899D84 /* Preview Assets.xcassets in Resources */,
				F17B52142920167200480FEE /* Assets.xcassets in Resources */,
				F18D5FDF291EF54D00899D84 /* GoogleService-Info.plist in Resources */,
			);
			runOnlyForDeploymentPostprocessing = 0;
		};
		F18D5FBF291EF17E00899D84 /* Resources */ = {
			isa = PBXResourcesBuildPhase;
			buildActionMask = 2147483647;
			files = (
			);
			runOnlyForDeploymentPostprocessing = 0;
		};
		F18D5FC9291EF17E00899D84 /* Resources */ = {
			isa = PBXResourcesBuildPhase;
			buildActionMask = 2147483647;
			files = (
			);
			runOnlyForDeploymentPostprocessing = 0;
		};
/* End PBXResourcesBuildPhase section */

/* Begin PBXShellScriptBuildPhase section */
		4F38E43531A1B0F6A4E42F1B /* [CP] Embed Pods Frameworks */ = {
			isa = PBXShellScriptBuildPhase;
			buildActionMask = 2147483647;
			files = (
			);
			inputFileListPaths = (
				"${PODS_ROOT}/Target Support Files/Pods-scorecounter/Pods-scorecounter-frameworks-${CONFIGURATION}-input-files.xcfilelist",
			);
			name = "[CP] Embed Pods Frameworks";
			outputFileListPaths = (
				"${PODS_ROOT}/Target Support Files/Pods-scorecounter/Pods-scorecounter-frameworks-${CONFIGURATION}-output-files.xcfilelist",
			);
			runOnlyForDeploymentPostprocessing = 0;
			shellPath = /bin/sh;
			shellScript = "\"${PODS_ROOT}/Target Support Files/Pods-scorecounter/Pods-scorecounter-frameworks.sh\"\n";
			showEnvVarsInLog = 0;
		};
		7D415746C0625E0CF75CCAD5 /* [CP] Embed Pods Frameworks */ = {
			isa = PBXShellScriptBuildPhase;
			buildActionMask = 2147483647;
			files = (
			);
			inputFileListPaths = (
				"${PODS_ROOT}/Target Support Files/Pods-scorecounter-scorecounterUITests/Pods-scorecounter-scorecounterUITests-frameworks-${CONFIGURATION}-input-files.xcfilelist",
			);
			name = "[CP] Embed Pods Frameworks";
			outputFileListPaths = (
				"${PODS_ROOT}/Target Support Files/Pods-scorecounter-scorecounterUITests/Pods-scorecounter-scorecounterUITests-frameworks-${CONFIGURATION}-output-files.xcfilelist",
			);
			runOnlyForDeploymentPostprocessing = 0;
			shellPath = /bin/sh;
			shellScript = "\"${PODS_ROOT}/Target Support Files/Pods-scorecounter-scorecounterUITests/Pods-scorecounter-scorecounterUITests-frameworks.sh\"\n";
			showEnvVarsInLog = 0;
		};
		85E47FDCE28357CBE831E446 /* [CP] Check Pods Manifest.lock */ = {
			isa = PBXShellScriptBuildPhase;
			buildActionMask = 2147483647;
			files = (
			);
			inputFileListPaths = (
			);
			inputPaths = (
				"${PODS_PODFILE_DIR_PATH}/Podfile.lock",
				"${PODS_ROOT}/Manifest.lock",
			);
			name = "[CP] Check Pods Manifest.lock";
			outputFileListPaths = (
			);
			outputPaths = (
				"$(DERIVED_FILE_DIR)/Pods-scorecounter-scorecounterUITests-checkManifestLockResult.txt",
			);
			runOnlyForDeploymentPostprocessing = 0;
			shellPath = /bin/sh;
			shellScript = "diff \"${PODS_PODFILE_DIR_PATH}/Podfile.lock\" \"${PODS_ROOT}/Manifest.lock\" > /dev/null\nif [ $? != 0 ] ; then\n    # print error to STDERR\n    echo \"error: The sandbox is not in sync with the Podfile.lock. Run 'pod install' or update your CocoaPods installation.\" >&2\n    exit 1\nfi\n# This output is used by Xcode 'outputs' to avoid re-running this script phase.\necho \"SUCCESS\" > \"${SCRIPT_OUTPUT_FILE_0}\"\n";
			showEnvVarsInLog = 0;
		};
		BE5E84274EC68A8FB4E886E6 /* [CP] Check Pods Manifest.lock */ = {
			isa = PBXShellScriptBuildPhase;
			buildActionMask = 2147483647;
			files = (
			);
			inputFileListPaths = (
			);
			inputPaths = (
				"${PODS_PODFILE_DIR_PATH}/Podfile.lock",
				"${PODS_ROOT}/Manifest.lock",
			);
			name = "[CP] Check Pods Manifest.lock";
			outputFileListPaths = (
			);
			outputPaths = (
				"$(DERIVED_FILE_DIR)/Pods-scorecounterTests-checkManifestLockResult.txt",
			);
			runOnlyForDeploymentPostprocessing = 0;
			shellPath = /bin/sh;
			shellScript = "diff \"${PODS_PODFILE_DIR_PATH}/Podfile.lock\" \"${PODS_ROOT}/Manifest.lock\" > /dev/null\nif [ $? != 0 ] ; then\n    # print error to STDERR\n    echo \"error: The sandbox is not in sync with the Podfile.lock. Run 'pod install' or update your CocoaPods installation.\" >&2\n    exit 1\nfi\n# This output is used by Xcode 'outputs' to avoid re-running this script phase.\necho \"SUCCESS\" > \"${SCRIPT_OUTPUT_FILE_0}\"\n";
			showEnvVarsInLog = 0;
		};
		E1473335A150D51A856FF492 /* [CP] Check Pods Manifest.lock */ = {
			isa = PBXShellScriptBuildPhase;
			buildActionMask = 2147483647;
			files = (
			);
			inputFileListPaths = (
			);
			inputPaths = (
				"${PODS_PODFILE_DIR_PATH}/Podfile.lock",
				"${PODS_ROOT}/Manifest.lock",
			);
			name = "[CP] Check Pods Manifest.lock";
			outputFileListPaths = (
			);
			outputPaths = (
				"$(DERIVED_FILE_DIR)/Pods-scorecounter-checkManifestLockResult.txt",
			);
			runOnlyForDeploymentPostprocessing = 0;
			shellPath = /bin/sh;
			shellScript = "diff \"${PODS_PODFILE_DIR_PATH}/Podfile.lock\" \"${PODS_ROOT}/Manifest.lock\" > /dev/null\nif [ $? != 0 ] ; then\n    # print error to STDERR\n    echo \"error: The sandbox is not in sync with the Podfile.lock. Run 'pod install' or update your CocoaPods installation.\" >&2\n    exit 1\nfi\n# This output is used by Xcode 'outputs' to avoid re-running this script phase.\necho \"SUCCESS\" > \"${SCRIPT_OUTPUT_FILE_0}\"\n";
			showEnvVarsInLog = 0;
		};
/* End PBXShellScriptBuildPhase section */

/* Begin PBXSourcesBuildPhase section */
		F18D5FAD291EF17D00899D84 /* Sources */ = {
			isa = PBXSourcesBuildPhase;
			buildActionMask = 2147483647;
			files = (
				F18D5FE1291EF59200899D84 /* AppDelegate.swift in Sources */,
				F17B52272920179800480FEE /* DataManager.swift in Sources */,
				F17B52262920179800480FEE /* FirestoreDataManager.swift in Sources */,
				F17B5236292017B400480FEE /* Player.swift in Sources */,
				F17B523A2920A93C00480FEE /* GameHistory.swift in Sources */,
				F17B523C2920C31E00480FEE /* TeamView.swift in Sources */,
				F18D5FB5291EF17D00899D84 /* scorecounterApp.swift in Sources */,
				F17B522D292017A600480FEE /* ScoreView.swift in Sources */,
				F17B5235292017B400480FEE /* Game.swift in Sources */,
				F17B522F292017A600480FEE /* ScoreBoardView.swift in Sources */,
				F17B5230292017A600480FEE /* MainTabView.swift in Sources */,
				F17B523829209E0C00480FEE /* SettingsView.swift in Sources */,
				F17B5234292017B400480FEE /* Team.swift in Sources */,
				F17B522E292017A600480FEE /* GameView.swift in Sources */,
			);
			runOnlyForDeploymentPostprocessing = 0;
		};
		F18D5FBD291EF17E00899D84 /* Sources */ = {
			isa = PBXSourcesBuildPhase;
			buildActionMask = 2147483647;
			files = (
				F18D5FC6291EF17E00899D84 /* scorecounterTests.swift in Sources */,
			);
			runOnlyForDeploymentPostprocessing = 0;
		};
		F18D5FC7291EF17E00899D84 /* Sources */ = {
			isa = PBXSourcesBuildPhase;
			buildActionMask = 2147483647;
			files = (
				F18D5FD2291EF17E00899D84 /* scorecounterUITestsLaunchTests.swift in Sources */,
				F18D5FD0291EF17E00899D84 /* scorecounterUITests.swift in Sources */,
			);
			runOnlyForDeploymentPostprocessing = 0;
		};
/* End PBXSourcesBuildPhase section */

/* Begin PBXTargetDependency section */
		F18D5FC3291EF17E00899D84 /* PBXTargetDependency */ = {
			isa = PBXTargetDependency;
			target = F18D5FB0291EF17D00899D84 /* scorecounter */;
			targetProxy = F18D5FC2291EF17E00899D84 /* PBXContainerItemProxy */;
		};
		F18D5FCD291EF17E00899D84 /* PBXTargetDependency */ = {
			isa = PBXTargetDependency;
			target = F18D5FB0291EF17D00899D84 /* scorecounter */;
			targetProxy = F18D5FCC291EF17E00899D84 /* PBXContainerItemProxy */;
		};
/* End PBXTargetDependency section */

/* Begin XCBuildConfiguration section */
		F18D5FD3291EF17E00899D84 /* Debug */ = {
			isa = XCBuildConfiguration;
			buildSettings = {
				ALWAYS_SEARCH_USER_PATHS = NO;
				CLANG_ANALYZER_NONNULL = YES;
				CLANG_ANALYZER_NUMBER_OBJECT_CONVERSION = YES_AGGRESSIVE;
				CLANG_CXX_LANGUAGE_STANDARD = "gnu++20";
				CLANG_ENABLE_MODULES = YES;
				CLANG_ENABLE_OBJC_ARC = YES;
				CLANG_ENABLE_OBJC_WEAK = YES;
				CLANG_WARN_BLOCK_CAPTURE_AUTORELEASING = YES;
				CLANG_WARN_BOOL_CONVERSION = YES;
				CLANG_WARN_COMMA = YES;
				CLANG_WARN_CONSTANT_CONVERSION = YES;
				CLANG_WARN_DEPRECATED_OBJC_IMPLEMENTATIONS = YES;
				CLANG_WARN_DIRECT_OBJC_ISA_USAGE = YES_ERROR;
				CLANG_WARN_DOCUMENTATION_COMMENTS = YES;
				CLANG_WARN_EMPTY_BODY = YES;
				CLANG_WARN_ENUM_CONVERSION = YES;
				CLANG_WARN_INFINITE_RECURSION = YES;
				CLANG_WARN_INT_CONVERSION = YES;
				CLANG_WARN_NON_LITERAL_NULL_CONVERSION = YES;
				CLANG_WARN_OBJC_IMPLICIT_RETAIN_SELF = YES;
				CLANG_WARN_OBJC_LITERAL_CONVERSION = YES;
				CLANG_WARN_OBJC_ROOT_CLASS = YES_ERROR;
				CLANG_WARN_QUOTED_INCLUDE_IN_FRAMEWORK_HEADER = YES;
				CLANG_WARN_RANGE_LOOP_ANALYSIS = YES;
				CLANG_WARN_STRICT_PROTOTYPES = YES;
				CLANG_WARN_SUSPICIOUS_MOVE = YES;
				CLANG_WARN_UNGUARDED_AVAILABILITY = YES_AGGRESSIVE;
				CLANG_WARN_UNREACHABLE_CODE = YES;
				CLANG_WARN__DUPLICATE_METHOD_MATCH = YES;
				COPY_PHASE_STRIP = NO;
				DEBUG_INFORMATION_FORMAT = dwarf;
				ENABLE_STRICT_OBJC_MSGSEND = YES;
				ENABLE_TESTABILITY = YES;
				GCC_C_LANGUAGE_STANDARD = gnu11;
				GCC_DYNAMIC_NO_PIC = NO;
				GCC_NO_COMMON_BLOCKS = YES;
				GCC_OPTIMIZATION_LEVEL = 0;
				GCC_PREPROCESSOR_DEFINITIONS = (
					"DEBUG=1",
					"$(inherited)",
				);
				GCC_WARN_64_TO_32_BIT_CONVERSION = YES;
				GCC_WARN_ABOUT_RETURN_TYPE = YES_ERROR;
				GCC_WARN_UNDECLARED_SELECTOR = YES;
				GCC_WARN_UNINITIALIZED_AUTOS = YES_AGGRESSIVE;
				GCC_WARN_UNUSED_FUNCTION = YES;
				GCC_WARN_UNUSED_VARIABLE = YES;
				IPHONEOS_DEPLOYMENT_TARGET = 15.0;
				MTL_ENABLE_DEBUG_INFO = INCLUDE_SOURCE;
				MTL_FAST_MATH = YES;
				ONLY_ACTIVE_ARCH = YES;
				SDKROOT = iphoneos;
				SWIFT_ACTIVE_COMPILATION_CONDITIONS = DEBUG;
				SWIFT_OPTIMIZATION_LEVEL = "-Onone";
			};
			name = Debug;
		};
		F18D5FD4291EF17E00899D84 /* Release */ = {
			isa = XCBuildConfiguration;
			buildSettings = {
				ALWAYS_SEARCH_USER_PATHS = NO;
				CLANG_ANALYZER_NONNULL = YES;
				CLANG_ANALYZER_NUMBER_OBJECT_CONVERSION = YES_AGGRESSIVE;
				CLANG_CXX_LANGUAGE_STANDARD = "gnu++20";
				CLANG_ENABLE_MODULES = YES;
				CLANG_ENABLE_OBJC_ARC = YES;
				CLANG_ENABLE_OBJC_WEAK = YES;
				CLANG_WARN_BLOCK_CAPTURE_AUTORELEASING = YES;
				CLANG_WARN_BOOL_CONVERSION = YES;
				CLANG_WARN_COMMA = YES;
				CLANG_WARN_CONSTANT_CONVERSION = YES;
				CLANG_WARN_DEPRECATED_OBJC_IMPLEMENTATIONS = YES;
				CLANG_WARN_DIRECT_OBJC_ISA_USAGE = YES_ERROR;
				CLANG_WARN_DOCUMENTATION_COMMENTS = YES;
				CLANG_WARN_EMPTY_BODY = YES;
				CLANG_WARN_ENUM_CONVERSION = YES;
				CLANG_WARN_INFINITE_RECURSION = YES;
				CLANG_WARN_INT_CONVERSION = YES;
				CLANG_WARN_NON_LITERAL_NULL_CONVERSION = YES;
				CLANG_WARN_OBJC_IMPLICIT_RETAIN_SELF = YES;
				CLANG_WARN_OBJC_LITERAL_CONVERSION = YES;
				CLANG_WARN_OBJC_ROOT_CLASS = YES_ERROR;
				CLANG_WARN_QUOTED_INCLUDE_IN_FRAMEWORK_HEADER = YES;
				CLANG_WARN_RANGE_LOOP_ANALYSIS = YES;
				CLANG_WARN_STRICT_PROTOTYPES = YES;
				CLANG_WARN_SUSPICIOUS_MOVE = YES;
				CLANG_WARN_UNGUARDED_AVAILABILITY = YES_AGGRESSIVE;
				CLANG_WARN_UNREACHABLE_CODE = YES;
				CLANG_WARN__DUPLICATE_METHOD_MATCH = YES;
				COPY_PHASE_STRIP = NO;
				DEBUG_INFORMATION_FORMAT = "dwarf-with-dsym";
				ENABLE_NS_ASSERTIONS = NO;
				ENABLE_STRICT_OBJC_MSGSEND = YES;
				GCC_C_LANGUAGE_STANDARD = gnu11;
				GCC_NO_COMMON_BLOCKS = YES;
				GCC_WARN_64_TO_32_BIT_CONVERSION = YES;
				GCC_WARN_ABOUT_RETURN_TYPE = YES_ERROR;
				GCC_WARN_UNDECLARED_SELECTOR = YES;
				GCC_WARN_UNINITIALIZED_AUTOS = YES_AGGRESSIVE;
				GCC_WARN_UNUSED_FUNCTION = YES;
				GCC_WARN_UNUSED_VARIABLE = YES;
				IPHONEOS_DEPLOYMENT_TARGET = 15.0;
				MTL_ENABLE_DEBUG_INFO = NO;
				MTL_FAST_MATH = YES;
				SDKROOT = iphoneos;
				SWIFT_COMPILATION_MODE = wholemodule;
				SWIFT_OPTIMIZATION_LEVEL = "-O";
				VALIDATE_PRODUCT = YES;
			};
			name = Release;
		};
		F18D5FD6291EF17E00899D84 /* Debug */ = {
			isa = XCBuildConfiguration;
			baseConfigurationReference = 666FC57A13568221DF4501D4 /* Pods-scorecounter.debug.xcconfig */;
			buildSettings = {
				ASSETCATALOG_COMPILER_APPICON_NAME = AppIcon;
				ASSETCATALOG_COMPILER_GLOBAL_ACCENT_COLOR_NAME = AccentColor;
				CODE_SIGN_STYLE = Automatic;
				CURRENT_PROJECT_VERSION = 1;
				DEVELOPMENT_ASSET_PATHS = "\"scorecounter/Preview Content\"";
				DEVELOPMENT_TEAM = 4NW94WU93C;
				ENABLE_PREVIEWS = YES;
				GENERATE_INFOPLIST_FILE = YES;
				INFOPLIST_KEY_LSApplicationCategoryType = "public.app-category.sports";
				INFOPLIST_KEY_UIApplicationSceneManifest_Generation = YES;
				INFOPLIST_KEY_UIApplicationSupportsIndirectInputEvents = YES;
				INFOPLIST_KEY_UILaunchScreen_Generation = YES;
				INFOPLIST_KEY_UISupportedInterfaceOrientations_iPad = "UIInterfaceOrientationPortrait UIInterfaceOrientationPortraitUpsideDown UIInterfaceOrientationLandscapeLeft UIInterfaceOrientationLandscapeRight";
				INFOPLIST_KEY_UISupportedInterfaceOrientations_iPhone = "UIInterfaceOrientationPortrait UIInterfaceOrientationLandscapeLeft UIInterfaceOrientationLandscapeRight";
				LD_RUNPATH_SEARCH_PATHS = (
					"$(inherited)",
					"@executable_path/Frameworks",
				);
				MARKETING_VERSION = 1.0;
				PRODUCT_BUNDLE_IDENTIFIER = com.championsleague.scorecounter;
				PRODUCT_NAME = "$(TARGET_NAME)";
				SWIFT_EMIT_LOC_STRINGS = YES;
				SWIFT_VERSION = 5.0;
				TARGETED_DEVICE_FAMILY = "1,2";
			};
			name = Debug;
		};
		F18D5FD7291EF17E00899D84 /* Release */ = {
			isa = XCBuildConfiguration;
			baseConfigurationReference = 56532C89AE75D14FCF0C55E6 /* Pods-scorecounter.release.xcconfig */;
			buildSettings = {
				ASSETCATALOG_COMPILER_APPICON_NAME = AppIcon;
				ASSETCATALOG_COMPILER_GLOBAL_ACCENT_COLOR_NAME = AccentColor;
				CODE_SIGN_STYLE = Automatic;
				CURRENT_PROJECT_VERSION = 1;
				DEVELOPMENT_ASSET_PATHS = "\"scorecounter/Preview Content\"";
				DEVELOPMENT_TEAM = 4NW94WU93C;
				ENABLE_PREVIEWS = YES;
				GENERATE_INFOPLIST_FILE = YES;
				INFOPLIST_KEY_LSApplicationCategoryType = "public.app-category.sports";
				INFOPLIST_KEY_UIApplicationSceneManifest_Generation = YES;
				INFOPLIST_KEY_UIApplicationSupportsIndirectInputEvents = YES;
				INFOPLIST_KEY_UILaunchScreen_Generation = YES;
				INFOPLIST_KEY_UISupportedInterfaceOrientations_iPad = "UIInterfaceOrientationPortrait UIInterfaceOrientationPortraitUpsideDown UIInterfaceOrientationLandscapeLeft UIInterfaceOrientationLandscapeRight";
				INFOPLIST_KEY_UISupportedInterfaceOrientations_iPhone = "UIInterfaceOrientationPortrait UIInterfaceOrientationLandscapeLeft UIInterfaceOrientationLandscapeRight";
				LD_RUNPATH_SEARCH_PATHS = (
					"$(inherited)",
					"@executable_path/Frameworks",
				);
				MARKETING_VERSION = 1.0;
				PRODUCT_BUNDLE_IDENTIFIER = com.championsleague.scorecounter;
				PRODUCT_NAME = "$(TARGET_NAME)";
				SWIFT_EMIT_LOC_STRINGS = YES;
				SWIFT_VERSION = 5.0;
				TARGETED_DEVICE_FAMILY = "1,2";
			};
			name = Release;
		};
		F18D5FD9291EF17E00899D84 /* Debug */ = {
			isa = XCBuildConfiguration;
			baseConfigurationReference = 8C983DF59145C7E737AED7D0 /* Pods-scorecounterTests.debug.xcconfig */;
			buildSettings = {
				ALWAYS_EMBED_SWIFT_STANDARD_LIBRARIES = YES;
				BUNDLE_LOADER = "$(TEST_HOST)";
				CODE_SIGN_STYLE = Automatic;
				CURRENT_PROJECT_VERSION = 1;
				DEVELOPMENT_TEAM = 4NW94WU93C;
				GENERATE_INFOPLIST_FILE = YES;
				IPHONEOS_DEPLOYMENT_TARGET = 16.1;
				MARKETING_VERSION = 1.0;
				PRODUCT_BUNDLE_IDENTIFIER = com.championsleague.scorecounterTests;
				PRODUCT_NAME = "$(TARGET_NAME)";
				SWIFT_EMIT_LOC_STRINGS = NO;
				SWIFT_VERSION = 5.0;
				TARGETED_DEVICE_FAMILY = "1,2";
				TEST_HOST = "$(BUILT_PRODUCTS_DIR)/scorecounter.app/$(BUNDLE_EXECUTABLE_FOLDER_PATH)/scorecounter";
			};
			name = Debug;
		};
		F18D5FDA291EF17E00899D84 /* Release */ = {
			isa = XCBuildConfiguration;
			baseConfigurationReference = AB93F6BB72C69CF402DA07D2 /* Pods-scorecounterTests.release.xcconfig */;
			buildSettings = {
				ALWAYS_EMBED_SWIFT_STANDARD_LIBRARIES = YES;
				BUNDLE_LOADER = "$(TEST_HOST)";
				CODE_SIGN_STYLE = Automatic;
				CURRENT_PROJECT_VERSION = 1;
				DEVELOPMENT_TEAM = 4NW94WU93C;
				GENERATE_INFOPLIST_FILE = YES;
				IPHONEOS_DEPLOYMENT_TARGET = 16.1;
				MARKETING_VERSION = 1.0;
				PRODUCT_BUNDLE_IDENTIFIER = com.championsleague.scorecounterTests;
				PRODUCT_NAME = "$(TARGET_NAME)";
				SWIFT_EMIT_LOC_STRINGS = NO;
				SWIFT_VERSION = 5.0;
				TARGETED_DEVICE_FAMILY = "1,2";
				TEST_HOST = "$(BUILT_PRODUCTS_DIR)/scorecounter.app/$(BUNDLE_EXECUTABLE_FOLDER_PATH)/scorecounter";
			};
			name = Release;
		};
		F18D5FDC291EF17E00899D84 /* Debug */ = {
			isa = XCBuildConfiguration;
			baseConfigurationReference = 375445545950E728568E2E32 /* Pods-scorecounter-scorecounterUITests.debug.xcconfig */;
			buildSettings = {
				ALWAYS_EMBED_SWIFT_STANDARD_LIBRARIES = YES;
				CODE_SIGN_STYLE = Automatic;
				CURRENT_PROJECT_VERSION = 1;
				DEVELOPMENT_TEAM = 4NW94WU93C;
				GENERATE_INFOPLIST_FILE = YES;
				MARKETING_VERSION = 1.0;
				PRODUCT_BUNDLE_IDENTIFIER = com.championsleague.scorecounterUITests;
				PRODUCT_NAME = "$(TARGET_NAME)";
				SWIFT_EMIT_LOC_STRINGS = NO;
				SWIFT_VERSION = 5.0;
				TARGETED_DEVICE_FAMILY = "1,2";
				TEST_TARGET_NAME = scorecounter;
			};
			name = Debug;
		};
		F18D5FDD291EF17E00899D84 /* Release */ = {
			isa = XCBuildConfiguration;
			baseConfigurationReference = 95AA886EC8DA35CC81C07621 /* Pods-scorecounter-scorecounterUITests.release.xcconfig */;
			buildSettings = {
				ALWAYS_EMBED_SWIFT_STANDARD_LIBRARIES = YES;
				CODE_SIGN_STYLE = Automatic;
				CURRENT_PROJECT_VERSION = 1;
				DEVELOPMENT_TEAM = 4NW94WU93C;
				GENERATE_INFOPLIST_FILE = YES;
				MARKETING_VERSION = 1.0;
				PRODUCT_BUNDLE_IDENTIFIER = com.championsleague.scorecounterUITests;
				PRODUCT_NAME = "$(TARGET_NAME)";
				SWIFT_EMIT_LOC_STRINGS = NO;
				SWIFT_VERSION = 5.0;
				TARGETED_DEVICE_FAMILY = "1,2";
				TEST_TARGET_NAME = scorecounter;
			};
			name = Release;
		};
/* End XCBuildConfiguration section */

/* Begin XCConfigurationList section */
		F18D5FAC291EF17D00899D84 /* Build configuration list for PBXProject "scorecounter" */ = {
			isa = XCConfigurationList;
			buildConfigurations = (
				F18D5FD3291EF17E00899D84 /* Debug */,
				F18D5FD4291EF17E00899D84 /* Release */,
			);
			defaultConfigurationIsVisible = 0;
			defaultConfigurationName = Release;
		};
		F18D5FD5291EF17E00899D84 /* Build configuration list for PBXNativeTarget "scorecounter" */ = {
			isa = XCConfigurationList;
			buildConfigurations = (
				F18D5FD6291EF17E00899D84 /* Debug */,
				F18D5FD7291EF17E00899D84 /* Release */,
			);
			defaultConfigurationIsVisible = 0;
			defaultConfigurationName = Release;
		};
		F18D5FD8291EF17E00899D84 /* Build configuration list for PBXNativeTarget "scorecounterTests" */ = {
			isa = XCConfigurationList;
			buildConfigurations = (
				F18D5FD9291EF17E00899D84 /* Debug */,
				F18D5FDA291EF17E00899D84 /* Release */,
			);
			defaultConfigurationIsVisible = 0;
			defaultConfigurationName = Release;
		};
		F18D5FDB291EF17E00899D84 /* Build configuration list for PBXNativeTarget "scorecounterUITests" */ = {
			isa = XCConfigurationList;
			buildConfigurations = (
				F18D5FDC291EF17E00899D84 /* Debug */,
				F18D5FDD291EF17E00899D84 /* Release */,
			);
			defaultConfigurationIsVisible = 0;
			defaultConfigurationName = Release;
		};
/* End XCConfigurationList section */
	};
	rootObject = F18D5FA9291EF17D00899D84 /* Project object */;
}
